
Microsoft Visual Studio Solution File, Format Version 12.00
# Visual Studio 14
VisualStudioVersion = 14.0.25420.1
MinimumVisualStudioVersion = 10.0.40219.1
Project("{FAE04EC0-301F-11D3-BF4B-00C04F79EFBC}") = "AIO_MQTTBS", "AIO_MQTTBS\AIO_MQTTBS.csproj", "{BC49D088-E3EB-4115-8DE3-C8BC6933174F}"
EndProject
Project("{FAE04EC0-301F-11D3-BF4B-00C04F79EFBC}") = "MQTTClientConsole", "MQTTClientConsole\MQTTClientConsole\MQTTClientConsole.csproj", "{9FAF5116-D1E6-4024-88D6-89DA4B9C35A6}"
EndProject
Global
	GlobalSection(SolutionConfigurationPlatforms) = preSolution
		Debug|Any CPU = Debug|Any CPU
		Release|Any CPU = Release|Any CPU
	EndGlobalSection
	GlobalSection(ProjectConfigurationPlatforms) = postSolution
		{BC49D088-E3EB-4115-8DE3-C8BC6933174F}.Debug|Any CPU.ActiveCfg = Debug|Any CPU
		{BC49D088-E3EB-4115-8DE3-C8BC6933174F}.Debug|Any CPU.Build.0 = Debug|Any CPU
		{BC49D088-E3EB-4115-8DE3-C8BC6933174F}.Release|Any CPU.ActiveCfg = Release|Any CPU
		{BC49D088-E3EB-4115-8DE3-C8BC6933174F}.Release|Any CPU.Build.0 = Release|Any CPU
		{9FAF5116-D1E6-4024-88D6-89DA4B9C35A6}.Debug|Any CPU.ActiveCfg = Debug|Any CPU
		{9FAF5116-D1E6-4024-88D6-89DA4B9C35A6}.Debug|Any CPU.Build.0 = Debug|Any CPU
		{9FAF5116-D1E6-4024-88D6-89DA4B9C35A6}.Release|Any CPU.ActiveCfg = Release|Any CPU
		{9FAF5116-D1E6-4024-88D6-89DA4B9C35A6}.Release|Any CPU.Build.0 = Release|Any CPU
	EndGlobalSection
	GlobalSection(SolutionProperties) = preSolution
		HideSolutionNode = FALSE
	EndGlobalSection
EndGlobal
